
Microsoft Visual Studio Solution File, Format Version 12.00
# Visual Studio Version 16
VisualStudioVersion = 16.0.29118.114
MinimumVisualStudioVersion = 10.0.40219.1
Project("{FAE04EC0-301F-11D3-BF4B-00C04F79EFBC}") = "TracePointsToolWindow", "TracePointsToolWindow\TracePointsToolWindow.csproj", "{AA4DAFA3-A09B-4386-8EA9-DFBD5C311078}"
EndProject
Global
	GlobalSection(SolutionConfigurationPlatforms) = preSolution
		Debug|Any CPU = Debug|Any CPU
		Release|Any CPU = Release|Any CPU
	EndGlobalSection
	GlobalSection(ProjectConfigurationPlatforms) = postSolution
		{AA4DAFA3-A09B-4386-8EA9-DFBD5C311078}.Debug|Any CPU.ActiveCfg = Debug|Any CPU
		{AA4DAFA3-A09B-4386-8EA9-DFBD5C311078}.Debug|Any CPU.Build.0 = Debug|Any CPU
		{AA4DAFA3-A09B-4386-8EA9-DFBD5C311078}.Release|Any CPU.ActiveCfg = Release|Any CPU
		{AA4DAFA3-A09B-4386-8EA9-DFBD5C311078}.Release|Any CPU.Build.0 = Release|Any CPU
	EndGlobalSection
	GlobalSection(SolutionProperties) = preSolution
		HideSolutionNode = FALSE
	EndGlobalSection
	GlobalSection(ExtensibilityGlobals) = postSolution
		SolutionGuid = {A0A9B748-9DE2-4EE3-BDB9-CC911962D2E5}
	EndGlobalSection
EndGlobal
